# This file was autogenerated by Stack.
# You should not edit this file by hand.
# For more information, please see the documentation at:
#   https://docs.haskellstack.org/en/stable/lock_files

packages:
- completed:
    hackage: servant-flatten-0.2@sha256:276896f7c5cdec5b8f8493f6205fded0cc602d050b58fdb09a6d7c85c3bb0837,1234
    pantry-tree:
      size: 325
      sha256: 04f12c7bef2c3f9a25d94eb9489752ed498db8e243069fe95838dbb51df1dcb3
  original:
    hackage: servant-flatten-0.2
- completed:
    hackage: servant-elm-0.7.2@sha256:27e45a456ad56ba59502549a59ce66f7229a17bbce72c413cbf8615ed074d754,4579
    pantry-tree:
      size: 2081
      sha256: 4b10f1da950fea1a0bcaf74a9e68dc0a1c0136e8c09a136b9c3f6c89e09ad21a
  original:
    hackage: servant-elm-0.7.2
- completed:
    hackage: http-client-0.5.14@sha256:4880b27d6741e331454a1d4c887d96ce3d7d625322c8433983a4b1cd08538577,5348
    pantry-tree:
      size: 2457
      sha256: 02bcffba9cad572fefb4640f5fc9be68e770b32ab73efcac649db20290994c6d
  original:
    hackage: http-client-0.5.14
- completed:
    hackage: dhall-1.28.0@sha256:a0b38be83ab76c59adf6d67868b9b183591edc68d2c3727d38598ddc12c36c95,31625
    pantry-tree:
      size: 241424
      sha256: 8c92a349408edf2c72760025740b4950cd0a1d2ce0ba393333332c1bbc469967
  original:
    hackage: dhall-1.28.0
- completed:
    hackage: atomic-write-0.2.0.7@sha256:3b626dfbc288cd070f1ac31b1c15ddd49822a923778ffe21f92b2116ffc72dc3,4584
    pantry-tree:
      size: 2237
      sha256: b49d642f11c9eade41fac2c52dc34aadb093fd48139418c001e19d7ab1ae6696
  original:
    hackage: atomic-write-0.2.0.7
- completed:
    hackage: prettyprinter-1.5.1@sha256:fca87c3e2611d3499a0341a59857e9b424a23f31646e4737d535a18582284f96,5375
    pantry-tree:
      size: 2106
      sha256: 86fd583112db41bac5ac9ecf258ec402ad615253e9c5eabc56ec127bfb94c096
  original:
    hackage: prettyprinter-1.5.1
- completed:
    hackage: prometheus-metrics-ghc-1.0.0@sha256:0f4ecbefa810bd847e66c498ab3387bf21e426525a7c9a94841973c582719ba3,1231
    pantry-tree:
      size: 293
      sha256: 8a6d6ef3235ab980e867f64b712b5d38f1a84c3ac4920f5b4c3b3e63bcdf6ec9
  original:
    hackage: prometheus-metrics-ghc-1.0.0
- completed:
    hackage: wai-middleware-prometheus-1.0.0@sha256:1625792914fb2139f005685be8ce519111451cfb854816e430fbf54af46238b4,1314
    pantry-tree:
      size: 307
      sha256: 6d64803c639ed4c7204ea6fab0536b97d3ee16cdecb9b4a883cd8e56d3c61402
  original:
    hackage: wai-middleware-prometheus-1.0.0
- completed:
    hackage: strings-1.1@sha256:0285dec4c8ab262359342b3e5ef1eb567074669461b9b38404f1cb870c881c5c,1617
    pantry-tree:
      size: 212
      sha256: 876e5a679244143e2a7e74357427c7522a8d61f68a4cc3ae265fe4960b75a2e2
  original:
    hackage: strings-1.1
- completed:
    name: elm-bridge
    version: 0.6.0
    git: https://github.com/agrafix/elm-bridge
    pantry-tree:
      size: 1475
      sha256: aadd2a07cd20eabaa66d0e9630d5e0f8775719afee931aa97af206896abca59b
    commit: b9d47cae3e21a56d5ab93527ced42977ee449fff
  original:
    git: https://github.com/agrafix/elm-bridge
    commit: b9d47cae3e21a56d5ab93527ced42977ee449fff
snapshots:
- completed:
    size: 523884
    url: https://raw.githubusercontent.com/commercialhaskell/stackage-snapshots/master/lts/14/4.yaml
    sha256: 16f24be248b42c9e16d59db84378836b1e7c239448a041cae46d32daffa45a8b
  original: lts-14.4
